Microsoft Visual Studio Solution File, Format Version 12.00
# Visual Studio 14
VisualStudioVersion = 14.0.25123.0
MinimumVisualStudioVersion = 10.0.40219.1
Project("{2150E333-8FDC-42A3-9474-1A3956D46DE8}") = "实例Books", "实例Books", "{8B24FA62-8400-4E9F-A926-9DA0F66E073E}"
EndProject
Project("{2150E333-8FDC-42A3-9474-1A3956D46DE8}") = "books", "books", "{F41603BA-07BF-4D91-B0C5-F79B70AEDB1A}"
	ProjectSection(SolutionItems) = preProject
		Output\ModulePlugin\Books_Wcf\plugin.xml = Output\ModulePlugin\Books_Wcf\plugin.xml
	EndProjectSection
EndProject
Project("{911E67C6-3D85-4FCE-B560-20A9C3E3FF48}") = "efwplusServer", "Output\efwplusServer.exe", "{BA4AC09D-9707-4158-A437-9783C818B13A}"
	ProjectSection(DebuggerProjectSystem) = preProject
		PortSupplier = 00000000-0000-0000-0000-000000000000
		Executable = D:\工作台\efwplus产品目录\efwplus_cloudhospital\cloudhospital\Output\efwplusServer.exe
		RemoteMachine = UALG394S3SBEXSU
		StartingDirectory = D:\工作台\efwplus产品目录\efwplus_cloudhospital\cloudhospital\Output
		Environment = 默认值
		LaunchingEngine = 00000000-0000-0000-0000-000000000000
		UseLegacyDebugEngines = No
		LaunchSQLEngine = No
		AttachLaunchAction = No
	EndProjectSection
EndProject
Project("{2150E333-8FDC-42A3-9474-1A3956D46DE8}") = "config", "config", "{498A1BA2-D08A-45FD-A618-841FCE47F75C}"
	ProjectSection(SolutionItems) = preProject
		Output\efwplusServer.exe.config = Output\efwplusServer.exe.config
		Output\Config\EntLib.config = Output\Config\EntLib.config
		Output\Config\pluginsys.xml = Output\Config\pluginsys.xml
	EndProjectSection
EndProject
Project("{2150E333-8FDC-42A3-9474-1A3956D46DE8}") = "PluginServer", "PluginServer", "{D9CE1A7C-97FF-48D1-8166-EB28703A3D70}"
EndProject
Project("{2150E333-8FDC-42A3-9474-1A3956D46DE8}") = "PluginUnitTest", "PluginUnitTest", "{B2C4CFFC-D3A6-4AD7-8A38-7EA6DC8D6657}"
EndProject
Project("{FAE04EC0-301F-11D3-BF4B-00C04F79EFBC}") = "UnitTestBook", "PluginUnitTest\UnitTestBook\UnitTestBook.csproj", "{0C364B86-EFDD-4C4B-9B39-F516F22AE561}"
EndProject
Project("{FAE04EC0-301F-11D3-BF4B-00C04F79EFBC}") = "Books_Wcf", "PluginServer\实例Books\Books_Wcf\Books_Wcf.csproj", "{79168A48-52A6-4486-9CD1-C3E05F9BD94B}"
EndProject
Global
	GlobalSection(SolutionConfigurationPlatforms) = preSolution
		Debug|Any CPU = Debug|Any CPU
		Release|Any CPU = Release|Any CPU
	EndGlobalSection
	GlobalSection(ProjectConfigurationPlatforms) = postSolution
		{BA4AC09D-9707-4158-A437-9783C818B13A}.Debug|Any CPU.ActiveCfg = Release
		{BA4AC09D-9707-4158-A437-9783C818B13A}.Release|Any CPU.ActiveCfg = Release
		{0C364B86-EFDD-4C4B-9B39-F516F22AE561}.Debug|Any CPU.ActiveCfg = Debug|Any CPU
		{0C364B86-EFDD-4C4B-9B39-F516F22AE561}.Debug|Any CPU.Build.0 = Debug|Any CPU
		{0C364B86-EFDD-4C4B-9B39-F516F22AE561}.Release|Any CPU.ActiveCfg = Release|Any CPU
		{0C364B86-EFDD-4C4B-9B39-F516F22AE561}.Release|Any CPU.Build.0 = Release|Any CPU
		{79168A48-52A6-4486-9CD1-C3E05F9BD94B}.Debug|Any CPU.ActiveCfg = Debug|Any CPU
		{79168A48-52A6-4486-9CD1-C3E05F9BD94B}.Debug|Any CPU.Build.0 = Debug|Any CPU
		{79168A48-52A6-4486-9CD1-C3E05F9BD94B}.Release|Any CPU.ActiveCfg = Release|Any CPU
		{79168A48-52A6-4486-9CD1-C3E05F9BD94B}.Release|Any CPU.Build.0 = Release|Any CPU
	EndGlobalSection
	GlobalSection(SolutionProperties) = preSolution
		HideSolutionNode = FALSE
	EndGlobalSection
	GlobalSection(NestedProjects) = preSolution
		{8B24FA62-8400-4E9F-A926-9DA0F66E073E} = {D9CE1A7C-97FF-48D1-8166-EB28703A3D70}
		{F41603BA-07BF-4D91-B0C5-F79B70AEDB1A} = {498A1BA2-D08A-45FD-A618-841FCE47F75C}
		{0C364B86-EFDD-4C4B-9B39-F516F22AE561} = {B2C4CFFC-D3A6-4AD7-8A38-7EA6DC8D6657}
		{79168A48-52A6-4486-9CD1-C3E05F9BD94B} = {8B24FA62-8400-4E9F-A926-9DA0F66E073E}
	EndGlobalSection
EndGlobal
